{
  "version": 4,
  "terraform_version": "0.12.19",
  "serial": 13,
  "lineage": "bc2f1caf-b325-6c5e-e001-f589b99dd9a8",
  "outputs": {
    "app_external_ip": {
      "value": "35.187.113.239",
      "type": "string"
    }
  },
  "resources": [
    {
      "mode": "managed",
      "type": "google_compute_address",
      "name": "app-docker_ip",
      "provider": "provider.google",
      "instances": [
        {
          "schema_version": 0,
          "attributes": {
            "address": "35.187.113.239",
            "address_type": "EXTERNAL",
            "creation_timestamp": "2020-01-30T04:40:03.446-08:00",
            "description": "",
            "id": "docker-266610/europe-west1/reddit-docker-ip",
            "name": "reddit-docker-ip",
            "network_tier": "PREMIUM",
            "project": "docker-266610",
            "purpose": "",
            "region": "europe-west1",
            "self_link": "https://www.googleapis.com/compute/v1/projects/docker-266610/regions/europe-west1/addresses/reddit-docker-ip",
            "subnetwork": "",
            "timeouts": null,
            "users": []
          },
          "private": "eyJlMmJmYjczMC1lY2FhLTExZTYtOGY4OC0zNDM2M2JjN2M0YzAiOnsiY3JlYXRlIjoyNDAwMDAwMDAwMDAsImRlbGV0ZSI6MjQwMDAwMDAwMDAwfX0="
        }
      ]
    },
    {
      "mode": "managed",
      "type": "google_compute_firewall",
      "name": "firewall_puma",
      "provider": "provider.google",
      "instances": [
        {
          "schema_version": 1,
          "attributes": {
            "allow": [
              {
                "ports": [
                  "9292"
                ],
                "protocol": "tcp"
              }
            ],
            "creation_timestamp": "2020-01-30T04:40:03.313-08:00",
            "deny": [],
            "description": "Alow port for puma-host",
            "destination_ranges": [],
            "direction": "INGRESS",
            "disabled": false,
            "id": "allow-puma-default",
            "name": "allow-puma-default",
            "network": "https://www.googleapis.com/compute/v1/projects/docker-266610/global/networks/default",
            "priority": 1000,
            "project": "docker-266610",
            "self_link": "https://www.googleapis.com/compute/v1/projects/docker-266610/global/firewalls/allow-puma-default",
            "source_ranges": [
              "0.0.0.0/0"
            ],
            "source_service_accounts": null,
            "source_tags": null,
            "target_service_accounts": null,
            "target_tags": [
              "reddit-app-docker"
            ],
            "timeouts": null
          },
          "private": "eyJlMmJmYjczMC1lY2FhLTExZTYtOGY4OC0zNDM2M2JjN2M0YzAiOnsiY3JlYXRlIjoyNDAwMDAwMDAwMDAsImRlbGV0ZSI6MjQwMDAwMDAwMDAwLCJ1cGRhdGUiOjI0MDAwMDAwMDAwMH0sInNjaGVtYV92ZXJzaW9uIjoiMSJ9"
        }
      ]
    },
    {
      "mode": "managed",
      "type": "google_compute_instance",
      "name": "app-docker",
      "each": "list",
      "provider": "provider.google",
      "instances": [
        {
          "index_key": 0,
          "schema_version": 6,
          "attributes": {
            "allow_stopping_for_update": null,
            "attached_disk": [],
            "boot_disk": [
              {
                "auto_delete": true,
                "device_name": "persistent-disk-0",
                "disk_encryption_key_raw": "",
                "disk_encryption_key_sha256": "",
                "initialize_params": [
                  {
                    "image": "https://www.googleapis.com/compute/v1/projects/docker-266610/global/images/reddit-docker-host-1580317289",
                    "labels": {},
                    "size": 10,
                    "type": "pd-standard"
                  }
                ],
                "kms_key_self_link": "",
                "mode": "READ_WRITE",
                "source": "https://www.googleapis.com/compute/v1/projects/docker-266610/zones/europe-west1-b/disks/reddit-docker0"
              }
            ],
            "can_ip_forward": false,
            "cpu_platform": "Intel Haswell",
            "deletion_protection": false,
            "description": "",
            "disk": [],
            "guest_accelerator": [],
            "hostname": "",
            "id": "reddit-docker0",
            "instance_id": "8760844128983412807",
            "label_fingerprint": "42WmSpB8rSM=",
            "labels": null,
            "machine_type": "n1-standard-1",
            "metadata": {
              "ssh-keys": "appuser:ssh-rsa AAAAB3NzaC1yc2EAAAADAQABAAABAQDRxo6vxrpiiWAFlOnUN43oLMTKtZqmD07nxI71jHRnvnndMUQK7kh1SKwPlhbuWSHEOTNaxMYHAnasppIHgZk1S4qyen8ZbEtGABfEcYtLYc8AFC08R1lhyFk2Ze8yjMspBHjXT6wFiCkrDREkBTQMGr3b5HgHWEzK1up5TawgO0MDaKO3S9PkYo/lCHNRGBC2UkePbJ3EnWbB+dYAIfzGtASWQv/AeatZpCDOcpCh47pbU9Ttt474BfOtmRHZaBsoqES90cJFafItrkduSpdODbFPrzgeNoy+9Wpuyssl4hR5XNcFQww8P6HQVqcx2zQCKXyWhO/MRfPnPifKW20V appuser\n"
            },
            "metadata_fingerprint": "BKVvnOukGjc=",
            "metadata_startup_script": "",
            "min_cpu_platform": "",
            "name": "reddit-docker0",
            "network_interface": [
              {
                "access_config": [
                  {
                    "assigned_nat_ip": "",
                    "nat_ip": "35.187.113.239",
                    "network_tier": "PREMIUM",
                    "public_ptr_domain_name": ""
                  }
                ],
                "address": "",
                "alias_ip_range": [],
                "name": "nic0",
                "network": "https://www.googleapis.com/compute/v1/projects/docker-266610/global/networks/default",
                "network_ip": "10.132.0.19",
                "subnetwork": "https://www.googleapis.com/compute/v1/projects/docker-266610/regions/europe-west1/subnetworks/default",
                "subnetwork_project": "docker-266610"
              }
            ],
            "project": "docker-266610",
            "scheduling": [
              {
                "automatic_restart": true,
                "node_affinities": [],
                "on_host_maintenance": "MIGRATE",
                "preemptible": false
              }
            ],
            "scratch_disk": [],
            "self_link": "https://www.googleapis.com/compute/v1/projects/docker-266610/zones/europe-west1-b/instances/reddit-docker0",
            "service_account": [],
            "shielded_instance_config": [],
            "tags": [
              "reddit-app-docker"
            ],
            "tags_fingerprint": "TZnaIbBmUok=",
            "timeouts": null,
            "zone": "europe-west1-b"
          },
          "private": "eyJlMmJmYjczMC1lY2FhLTExZTYtOGY4OC0zNDM2M2JjN2M0YzAiOnsiY3JlYXRlIjoxMjAwMDAwMDAwMDAwLCJkZWxldGUiOjEyMDAwMDAwMDAwMDAsInVwZGF0ZSI6MTIwMDAwMDAwMDAwMH0sInNjaGVtYV92ZXJzaW9uIjoiNiJ9",
          "dependencies": [
            "google_compute_address.app-docker_ip"
          ]
        }
      ]
    }
  ]
}
